{
  "name": "converter",
  "lockfileVersion": 3,
  "requires": true,
  "packages": {
    "": {
      "name": "converter",
      "devDependencies": {
        "prettier": "^3.3.0",
        "simple-git-hooks": "^2.11.0"
      }
    },
    "node_modules/prettier": {
      "version": "3.9.9",
      "resolved": "https://registry.npmjs.org/prettier/-/prettier-3.9.9.tgz",
      "integrity": "sha512-Z/CJHIkdujO/OtN7nXUii0Rf3VT5SRuhjBA82Xvu2XhBUgX3nhP67T0LHceBdQLex7OOFGTox+Q5Yg8Jk2Qivg==",
      "dev": true,
      "license": "MIT",
      "bin": {
        "prettier": "bin/prettier.cjs"
      },
      "engines": {
        "node": ">=14"
      },
      "funding": {
        "url": "https://github.com/prettier/prettier?sponsor=1"
      }
    },
    "node_modules/simple-git-hooks": {
      "version": "2.14.0",
      "resolved": "https://registry.npmjs.org/simple-git-hooks/-/simple-git-hooks-2.14.0.tgz",
      "integrity": "sha512-kkTORPAuxQz2g1QUuN0J8yGWT28tjGBfPOdJ4xT7Vbeu30veKUZQIoID2qGgCDAakaQn59UeZJJ4cFGB8PVP2A==",
      "dev": true,
      "hasInstallScript": true,
      "license": "MIT",
      "bin": {
        "simple-git-hooks": "cli.js"
      }
    }
  }
}
